
Microsoft Visual Studio Solution File, Format Version 12.00
# Visual Studio Version 16
VisualStudioVersion = 16.0.30128.74
MinimumVisualStudioVersion = 10.0.40219.1
Project("{FAE04EC0-301F-11D3-BF4B-00C04F79EFBC}") = "LojaAPI", "LojaAPI.csproj", "{86CEBA32-006C-4E96-8D0A-8CEDB96EB7DF}"
EndProject
Global
	GlobalSection(SolutionConfigurationPlatforms) = preSolution
		Debug|Any CPU = Debug|Any CPU
		Release|Any CPU = Release|Any CPU
	EndGlobalSection
	GlobalSection(ProjectConfigurationPlatforms) = postSolution
		{86CEBA32-006C-4E96-8D0A-8CEDB96EB7DF}.Debug|Any CPU.ActiveCfg = Debug|Any CPU
		{86CEBA32-006C-4E96-8D0A-8CEDB96EB7DF}.Debug|Any CPU.Build.0 = Debug|Any CPU
		{86CEBA32-006C-4E96-8D0A-8CEDB96EB7DF}.Release|Any CPU.ActiveCfg = Release|Any CPU
		{86CEBA32-006C-4E96-8D0A-8CEDB96EB7DF}.Release|Any CPU.Build.0 = Release|Any CPU
	EndGlobalSection
	GlobalSection(SolutionProperties) = preSolution
		HideSolutionNode = FALSE
	EndGlobalSection
	GlobalSection(ExtensibilityGlobals) = postSolution
		SolutionGuid = {63D097B8-05D3-41B7-81F8-5B82C2C3E332}
	EndGlobalSection
EndGlobal
